# This file is automatically @generated by Cargo.
# It is not intended for manual editing.
version = 3

[[package]]
name = "anyhow"
version = "1.0.79"
source = "registry+https://github.com/rust-lang/crates.io-index"
checksum = "080e9890a082662b09c1ad45f567faeeb47f22b5fb23895fbe1e651e718e25ca"

[[package]]
name = "binmarshal"
version = "0.2.9"
source = "registry+https://github.com/rust-lang/crates.io-index"
checksum = "56123c76502290a6e8a4d9124c3be15b463657a86270d9775e7d94fa652f5d05"
dependencies = [
 "binmarshal-macros 0.2.7",
]

[[package]]
name = "binmarshal"
version = "1.0.2"
source = "registry+https://github.com/rust-lang/crates.io-index"
checksum = "3f9334da3cc3c1f73c4cb5849f784cfe380a12d604670f91f24cfd9bfa0b3b35"
dependencies = [
 "anyhow",
 "binmarshal-macros 1.0.0",
]

[[package]]
name = "binmarshal-macros"
version = "0.2.7"
source = "registry+https://github.com/rust-lang/crates.io-index"
checksum = "a28cee2e730b6ddc4ea2afe66696682e79957e6f687f28a440d9124a532d4ddb"
dependencies = [
 "darling",
 "proc-macro2",
 "quote",
 "syn 2.0.46",
]

[[package]]
name = "binmarshal-macros"
version = "1.0.0"
source = "registry+https://github.com/rust-lang/crates.io-index"
checksum = "9a928be789849c207d60b342918373711573e1a18635e132297b35f4cf2b2c7d"
dependencies = [
 "darling",
 "proc-macro2",
 "quote",
 "syn 2.0.46",
]

[[package]]
name = "darling"
version = "0.20.3"
source = "registry+https://github.com/rust-lang/crates.io-index"
checksum = "0209d94da627ab5605dcccf08bb18afa5009cfbef48d8a8b7d7bdbc79be25c5e"
dependencies = [
 "darling_core",
 "darling_macro",
]

[[package]]
name = "darling_core"
version = "0.20.3"
source = "registry+https://github.com/rust-lang/crates.io-index"
checksum = "177e3443818124b357d8e76f53be906d60937f0d3a90773a664fa63fa253e621"
dependencies = [
 "fnv",
 "ident_case",
 "proc-macro2",
 "quote",
 "strsim",
 "syn 2.0.46",
]

[[package]]
name = "darling_macro"
version = "0.20.3"
source = "registry+https://github.com/rust-lang/crates.io-index"
checksum = "836a9bbc7ad63342d6d6e7b815ccab164bc77a2d95d84bc3117a8c0d5c98e2d5"
dependencies = [
 "darling_core",
 "quote",
 "syn 2.0.46",
]

[[package]]
name = "embedded-hal"
version = "0.2.7"
source = "registry+https://github.com/rust-lang/crates.io-index"
checksum = "35949884794ad573cf46071e41c9b60efb0cb311e3ca01f7af807af1debc66ff"
dependencies = [
 "nb 0.1.3",
 "void",
]

[[package]]
name = "fnv"
version = "1.0.7"
source = "registry+https://github.com/rust-lang/crates.io-index"
checksum = "3f9eec918d3f24069decb9af1554cad7c880e2da24a9afd88aca000531ab82c1"

[[package]]
name = "grapple-config"
version = "0.1.9"
source = "registry+https://github.com/rust-lang/crates.io-index"
checksum = "5d74a07fdd4b60864ca11d1e1dbde0743de0a275ddf2413603d0ea1cd0303da8"
dependencies = [
 "binmarshal 0.2.9",
 "embedded-hal",
]

[[package]]
name = "grapple-frc-msgs"
version = "2024.2.2"
source = "registry+https://github.com/rust-lang/crates.io-index"
checksum = "f1c89fbb3e8d1a976316c3f70024a23bb2b13b626151b3449cb1bd26fede33e2"
dependencies = [
 "anyhow",
 "binmarshal 1.0.2",
 "smallvec",
 "strum_macros",
]

[[package]]
name = "grapple-lasercan"
version = "2024.0.2"
dependencies = [
 "grapple-config",
 "grapple-frc-msgs",
 "smallvec",
]

[[package]]
name = "heck"
version = "0.4.1"
source = "registry+https://github.com/rust-lang/crates.io-index"
checksum = "95505c38b4572b2d910cecb0281560f54b440a19336cbbcb27bf6ce6adc6f5a8"

[[package]]
name = "ident_case"
version = "1.0.1"
source = "registry+https://github.com/rust-lang/crates.io-index"
checksum = "b9e0384b61958566e926dc50660321d12159025e767c18e043daf26b70104c39"

[[package]]
name = "nb"
version = "0.1.3"
source = "registry+https://github.com/rust-lang/crates.io-index"
checksum = "801d31da0513b6ec5214e9bf433a77966320625a37860f910be265be6e18d06f"
dependencies = [
 "nb 1.1.0",
]

[[package]]
name = "nb"
version = "1.1.0"
source = "registry+https://github.com/rust-lang/crates.io-index"
checksum = "8d5439c4ad607c3c23abf66de8c8bf57ba8adcd1f129e699851a6e43935d339d"

[[package]]
name = "proc-macro2"
version = "1.0.74"
source = "registry+https://github.com/rust-lang/crates.io-index"
checksum = "2de98502f212cfcea8d0bb305bd0f49d7ebdd75b64ba0a68f937d888f4e0d6db"
dependencies = [
 "unicode-ident",
]

[[package]]
name = "quote"
version = "1.0.35"
source = "registry+https://github.com/rust-lang/crates.io-index"
checksum = "291ec9ab5efd934aaf503a6466c5d5251535d108ee747472c3977cc5acc868ef"
dependencies = [
 "proc-macro2",
]

[[package]]
name = "rustversion"
version = "1.0.14"
source = "registry+https://github.com/rust-lang/crates.io-index"
checksum = "7ffc183a10b4478d04cbbbfc96d0873219d962dd5accaff2ffbd4ceb7df837f4"

[[package]]
name = "smallvec"
version = "1.11.2"
source = "registry+https://github.com/rust-lang/crates.io-index"
checksum = "4dccd0940a2dcdf68d092b8cbab7dc0ad8fa938bf95787e1b916b0e3d0e8e970"

[[package]]
name = "strsim"
version = "0.10.0"
source = "registry+https://github.com/rust-lang/crates.io-index"
checksum = "73473c0e59e6d5812c5dfe2a064a6444949f089e20eec9a2e5506596494e4623"

[[package]]
name = "strum_macros"
version = "0.24.3"
source = "registry+https://github.com/rust-lang/crates.io-index"
checksum = "1e385be0d24f186b4ce2f9982191e7101bb737312ad61c1f2f984f34bcf85d59"
dependencies = [
 "heck",
 "proc-macro2",
 "quote",
 "rustversion",
 "syn 1.0.109",
]

[[package]]
name = "syn"
version = "1.0.109"
source = "registry+https://github.com/rust-lang/crates.io-index"
checksum = "72b64191b275b66ffe2469e8af2c1cfe3bafa67b529ead792a6d0160888b4237"
dependencies = [
 "proc-macro2",
 "quote",
 "unicode-ident",
]

[[package]]
name = "syn"
version = "2.0.46"
source = "registry+https://github.com/rust-lang/crates.io-index"
checksum = "89456b690ff72fddcecf231caedbe615c59480c93358a93dfae7fc29e3ebbf0e"
dependencies = [
 "proc-macro2",
 "quote",
 "unicode-ident",
]

[[package]]
name = "unicode-ident"
version = "1.0.12"
source = "registry+https://github.com/rust-lang/crates.io-index"
checksum = "3354b9ac3fae1ff6755cb6db53683adb661634f67557942dea4facebec0fee4b"

[[package]]
name = "void"
version = "1.0.2"
source = "registry+https://github.com/rust-lang/crates.io-index"
checksum = "6a02e4885ed3bc0f2de90ea6dd45ebcbb66dacffe03547fadbb0eeae2770887d"
